
Microsoft Visual Studio Solution File, Format Version 12.00
# Visual Studio Version 16
VisualStudioVersion = 16.0.33801.447
MinimumVisualStudioVersion = 10.0.40219.1
Project("{FAE04EC0-301F-11D3-BF4B-00C04F79EFBC}") = "Byond-Student-Registers", "Byond-Student-Registers\Byond-Student-Registers.csproj", "{3017F96C-5AA5-4DB6-90BA-90FA2457AFAF}"
EndProject
Global
	GlobalSection(SolutionConfigurationPlatforms) = preSolution
		Debug|Any CPU = Debug|Any CPU
		Release|Any CPU = Release|Any CPU
	EndGlobalSection
	GlobalSection(ProjectConfigurationPlatforms) = postSolution
		{3017F96C-5AA5-4DB6-90BA-90FA2457AFAF}.Debug|Any CPU.ActiveCfg = Debug|Any CPU
		{3017F96C-5AA5-4DB6-90BA-90FA2457AFAF}.Debug|Any CPU.Build.0 = Debug|Any CPU
		{3017F96C-5AA5-4DB6-90BA-90FA2457AFAF}.Release|Any CPU.ActiveCfg = Release|Any CPU
		{3017F96C-5AA5-4DB6-90BA-90FA2457AFAF}.Release|Any CPU.Build.0 = Release|Any CPU
	EndGlobalSection
	GlobalSection(SolutionProperties) = preSolution
		HideSolutionNode = FALSE
	EndGlobalSection
	GlobalSection(ExtensibilityGlobals) = postSolution
		SolutionGuid = {52C6CA27-70BF-492D-B230-057D837607C9}
	EndGlobalSection
EndGlobal
